// !$*UTF8*$!
{
	archiveVersion = 1;
	classes = {
	};
	objectVersion = 50;
	objects = {

/* Begin PBXBuildFile section */
		8B08DFA520E6E704004CF33E /* AppDelegate.swift in Sources */ = {isa = PBXBuildFile; fileRef = 8B08DFA420E6E704004CF33E /* AppDelegate.swift */; };
		8B08DFA720E6E704004CF33E /* ViewController.swift in Sources */ = {isa = PBXBuildFile; fileRef = 8B08DFA620E6E704004CF33E /* ViewController.swift */; };
		8B08DFAA20E6E704004CF33E /* Main.storyboard in Resources */ = {isa = PBXBuildFile; fileRef = 8B08DFA820E6E704004CF33E /* Main.storyboard */; };
		8B08DFAD20E6E704004CF33E /* Auto_Constraints_Programmatically.xcdatamodeld in Sources */ = {isa = PBXBuildFile; fileRef = 8B08DFAB20E6E704004CF33E /* Auto_Constraints_Programmatically.xcdatamodeld */; };
		8B08DFAF20E6E706004CF33E /* Assets.xcassets in Resources */ = {isa = PBXBuildFile; fileRef = 8B08DFAE20E6E706004CF33E /* Assets.xcassets */; };
		8B08DFB220E6E706004CF33E /* LaunchScreen.storyboard in Resources */ = {isa = PBXBuildFile; fileRef = 8B08DFB020E6E706004CF33E /* LaunchScreen.storyboard */; };
		8B08DFBD20E6E706004CF33E /* Auto_Constraints_ProgrammaticallyTests.swift in Sources */ = {isa = PBXBuildFile; fileRef = 8B08DFBC20E6E706004CF33E /* Auto_Constraints_ProgrammaticallyTests.swift */; };
		8B08DFC820E6E706004CF33E /* Auto_Constraints_ProgrammaticallyUITests.swift in Sources */ = {isa = PBXBuildFile; fileRef = 8B08DFC720E6E706004CF33E /* Auto_Constraints_ProgrammaticallyUITests.swift */; };
/* End PBXBuildFile section */

/* Begin PBXContainerItemProxy section */
		8B08DFB920E6E706004CF33E /* PBXContainerItemProxy */ = {
			isa = PBXContainerItemProxy;
			containerPortal = 8B08DF9920E6E704004CF33E /* Project object */;
			proxyType = 1;
			remoteGlobalIDString = 8B08DFA020E6E704004CF33E;
			remoteInfo = "Auto Constraints Programmatically";
		};
		8B08DFC420E6E706004CF33E /* PBXContainerItemProxy */ = {
			isa = PBXContainerItemProxy;
			containerPortal = 8B08DF9920E6E704004CF33E /* Project object */;
			proxyType = 1;
			remoteGlobalIDString = 8B08DFA020E6E704004CF33E;
			remoteInfo = "Auto Constraints Programmatically";
		};
/* End PBXContainerItemProxy section */

/* Begin PBXFileReference section */
		8B08DFA120E6E704004CF33E /* Auto Constraints Programmatically.app */ = {isa = PBXFileReference; explicitFileType = wrapper.application; includeInIndex = 0; path = "Auto Constraints Programmatically.app"; sourceTree = BUILT_PRODUCTS_DIR; };
		8B08DFA420E6E704004CF33E /* AppDelegate.swift */ = {isa = PBXFileReference; lastKnownFileType = sourcecode.swift; path = AppDelegate.swift; sourceTree = "<group>"; };
		8B08DFA620E6E704004CF33E /* ViewController.swift */ = {isa = PBXFileReference; lastKnownFileType = sourcecode.swift; path = ViewController.swift; sourceTree = "<group>"; };
		8B08DFA920E6E704004CF33E /* Base */ = {isa = PBXFileReference; lastKnownFileType = file.storyboard; name = Base; path = Base.lproj/Main.storyboard; sourceTree = "<group>"; };
		8B08DFAC20E6E704004CF33E /* Auto_Constraints_Programmatically.xcdatamodel */ = {isa = PBXFileReference; lastKnownFileType = wrapper.xcdatamodel; path = Auto_Constraints_Programmatically.xcdatamodel; sourceTree = "<group>"; };
		8B08DFAE20E6E706004CF33E /* Assets.xcassets */ = {isa = PBXFileReference; lastKnownFileType = folder.assetcatalog; path = Assets.xcassets; sourceTree = "<group>"; };
		8B08DFB120E6E706004CF33E /* Base */ = {isa = PBXFileReference; lastKnownFileType = file.storyboard; name = Base; path = Base.lproj/LaunchScreen.storyboard; sourceTree = "<group>"; };
		8B08DFB320E6E706004CF33E /* Info.plist */ = {isa = PBXFileReference; lastKnownFileType = text.plist.xml; path = Info.plist; sourceTree = "<group>"; };
		8B08DFB820E6E706004CF33E /* Auto Constraints ProgrammaticallyTests.xctest */ = {isa = PBXFileReference; explicitFileType = wrapper.cfbundle; includeInIndex = 0; path = "Auto Constraints ProgrammaticallyTests.xctest"; sourceTree = BUILT_PRODUCTS_DIR; };
		8B08DFBC20E6E706004CF33E /* Auto_Constraints_ProgrammaticallyTests.swift */ = {isa = PBXFileReference; lastKnownFileType = sourcecode.swift; path = Auto_Constraints_ProgrammaticallyTests.swift; sourceTree = "<group>"; };
		8B08DFBE20E6E706004CF33E /* Info.plist */ = {isa = PBXFileReference; lastKnownFileType = text.plist.xml; path = Info.plist; sourceTree = "<group>"; };
		8B08DFC320E6E706004CF33E /* Auto Constraints ProgrammaticallyUITests.xctest */ = {isa = PBXFileReference; explicitFileType = wrapper.cfbundle; includeInIndex = 0; path = "Auto Constraints ProgrammaticallyUITests.xctest"; sourceTree = BUILT_PRODUCTS_DIR; };
		8B08DFC720E6E706004CF33E /* Auto_Constraints_ProgrammaticallyUITests.swift */ = {isa = PBXFileReference; lastKnownFileType = sourcecode.swift; path = Auto_Constraints_ProgrammaticallyUITests.swift; sourceTree = "<group>"; };
		8B08DFC920E6E706004CF33E /* Info.plist */ = {isa = PBXFileReference; lastKnownFileType = text.plist.xml; path = Info.plist; sourceTree = "<group>"; };
/* End PBXFileReference section */

/* Begin PBXFrameworksBuildPhase section */
		8B08DF9E20E6E704004CF33E /* Frameworks */ = {
			isa = PBXFrameworksBuildPhase;
			buildActionMask = 2147483647;
			files = (
			);
			runOnlyForDeploymentPostprocessing = 0;
		};
		8B08DFB520E6E706004CF33E /* Frameworks */ = {
			isa = PBXFrameworksBuildPhase;
			buildActionMask = 2147483647;
			files = (
			);
			runOnlyForDeploymentPostprocessing = 0;
		};
		8B08DFC020E6E706004CF33E /* Frameworks */ = {
			isa = PBXFrameworksBuildPhase;
			buildActionMask = 2147483647;
			files = (
			);
			runOnlyForDeploymentPostprocessing = 0;
		};
/* End PBXFrameworksBuildPhase section */

/* Begin PBXGroup section */
		8B08DF9820E6E704004CF33E = {
			isa = PBXGroup;
			children = (
				8B08DFA320E6E704004CF33E /* Auto Constraints Programmatically */,
				8B08DFBB20E6E706004CF33E /* Auto Constraints ProgrammaticallyTests */,
				8B08DFC620E6E706004CF33E /* Auto Constraints ProgrammaticallyUITests */,
				8B08DFA220E6E704004CF33E /* Products */,
			);
			sourceTree = "<group>";
		};
		8B08DFA220E6E704004CF33E /* Products */ = {
			isa = PBXGroup;
			children = (
				8B08DFA120E6E704004CF33E /* Auto Constraints Programmatically.app */,
				8B08DFB820E6E706004CF33E /* Auto Constraints ProgrammaticallyTests.xctest */,
				8B08DFC320E6E706004CF33E /* Auto Constraints ProgrammaticallyUITests.xctest */,
			);
			name = Products;
			sourceTree = "<group>";
		};
		8B08DFA320E6E704004CF33E /* Auto Constraints Programmatically */ = {
			isa = PBXGroup;
			children = (
				8B08DFA420E6E704004CF33E /* AppDelegate.swift */,
				8B08DFA620E6E704004CF33E /* ViewController.swift */,
				8B08DFA820E6E704004CF33E /* Main.storyboard */,
				8B08DFAE20E6E706004CF33E /* Assets.xcassets */,
				8B08DFB020E6E706004CF33E /* LaunchScreen.storyboard */,
				8B08DFB320E6E706004CF33E /* Info.plist */,
				8B08DFAB20E6E704004CF33E /* Auto_Constraints_Programmatically.xcdatamodeld */,
			);
			path = "Auto Constraints Programmatically";
			sourceTree = "<group>";
		};
		8B08DFBB20E6E706004CF33E /* Auto Constraints ProgrammaticallyTests */ = {
			isa = PBXGroup;
			children = (
				8B08DFBC20E6E706004CF33E /* Auto_Constraints_ProgrammaticallyTests.swift */,
				8B08DFBE20E6E706004CF33E /* Info.plist */,
			);
			path = "Auto Constraints ProgrammaticallyTests";
			sourceTree = "<group>";
		};
		8B08DFC620E6E706004CF33E /* Auto Constraints ProgrammaticallyUITests */ = {
			isa = PBXGroup;
			children = (
				8B08DFC720E6E706004CF33E /* Auto_Constraints_ProgrammaticallyUITests.swift */,
				8B08DFC920E6E706004CF33E /* Info.plist */,
			);
			path = "Auto Constraints ProgrammaticallyUITests";
			sourceTree = "<group>";
		};
/* End PBXGroup section */

/* Begin PBXNativeTarget section */
		8B08DFA020E6E704004CF33E /* Auto Constraints Programmatically */ = {
			isa = PBXNativeTarget;
			buildConfigurationList = 8B08DFCC20E6E706004CF33E /* Build configuration list for PBXNativeTarget "Auto Constraints Programmatically" */;
			buildPhases = (
				8B08DF9D20E6E704004CF33E /* Sources */,
				8B08DF9E20E6E704004CF33E /* Frameworks */,
				8B08DF9F20E6E704004CF33E /* Resources */,
			);
			buildRules = (
			);
			dependencies = (
			);
			name = "Auto Constraints Programmatically";
			productName = "Auto Constraints Programmatically";
			productReference = 8B08DFA120E6E704004CF33E /* Auto Constraints Programmatically.app */;
			productType = "com.apple.product-type.application";
		};
		8B08DFB720E6E706004CF33E /* Auto Constraints ProgrammaticallyTests */ = {
			isa = PBXNativeTarget;
			buildConfigurationList = 8B08DFCF20E6E706004CF33E /* Build configuration list for PBXNativeTarget "Auto Constraints ProgrammaticallyTests" */;
			buildPhases = (
				8B08DFB420E6E706004CF33E /* Sources */,
				8B08DFB520E6E706004CF33E /* Frameworks */,
				8B08DFB620E6E706004CF33E /* Resources */,
			);
			buildRules = (
			);
			dependencies = (
				8B08DFBA20E6E706004CF33E /* PBXTargetDependency */,
			);
			name = "Auto Constraints ProgrammaticallyTests";
			productName = "Auto Constraints ProgrammaticallyTests";
			productReference = 8B08DFB820E6E706004CF33E /* Auto Constraints ProgrammaticallyTests.xctest */;
			productType = "com.apple.product-type.bundle.unit-test";
		};
		8B08DFC220E6E706004CF33E /* Auto Constraints ProgrammaticallyUITests */ = {
			isa = PBXNativeTarget;
			buildConfigurationList = 8B08DFD220E6E706004CF33E /* Build configuration list for PBXNativeTarget "Auto Constraints ProgrammaticallyUITests" */;
			buildPhases = (
				8B08DFBF20E6E706004CF33E /* Sources */,
				8B08DFC020E6E706004CF33E /* Frameworks */,
				8B08DFC120E6E706004CF33E /* Resources */,
			);
			buildRules = (
			);
			dependencies = (
				8B08DFC520E6E706004CF33E /* PBXTargetDependency */,
			);
			name = "Auto Constraints ProgrammaticallyUITests";
			productName = "Auto Constraints ProgrammaticallyUITests";
			productReference = 8B08DFC320E6E706004CF33E /* Auto Constraints ProgrammaticallyUITests.xctest */;
			productType = "com.apple.product-type.bundle.ui-testing";
		};
/* End PBXNativeTarget section */

/* Begin PBXProject section */
		8B08DF9920E6E704004CF33E /* Project object */ = {
			isa = PBXProject;
			attributes = {
				LastSwiftUpdateCheck = 0940;
				LastUpgradeCheck = 0940;
				ORGANIZATIONNAME = "Dominic Pilla";
				TargetAttributes = {
					8B08DFA020E6E704004CF33E = {
						CreatedOnToolsVersion = 9.4.1;
					};
					8B08DFB720E6E706004CF33E = {
						CreatedOnToolsVersion = 9.4.1;
						TestTargetID = 8B08DFA020E6E704004CF33E;
					};
					8B08DFC220E6E706004CF33E = {
						CreatedOnToolsVersion = 9.4.1;
						TestTargetID = 8B08DFA020E6E704004CF33E;
					};
				};
			};
			buildConfigurationList = 8B08DF9C20E6E704004CF33E /* Build configuration list for PBXProject "Auto Constraints Programmatically" */;
			compatibilityVersion = "Xcode 9.3";
			developmentRegion = en;
			hasScannedForEncodings = 0;
			knownRegions = (
				en,
				Base,
			);
			mainGroup = 8B08DF9820E6E704004CF33E;
			productRefGroup = 8B08DFA220E6E704004CF33E /* Products */;
			projectDirPath = "";
			projectRoot = "";
			targets = (
				8B08DFA020E6E704004CF33E /* Auto Constraints Programmatically */,
				8B08DFB720E6E706004CF33E /* Auto Constraints ProgrammaticallyTests */,
				8B08DFC220E6E706004CF33E /* Auto Constraints ProgrammaticallyUITests */,
			);
		};
/* End PBXProject section */

/* Begin PBXResourcesBuildPhase section */
		8B08DF9F20E6E704004CF33E /* Resources */ = {
			isa = PBXResourcesBuildPhase;
			buildActionMask = 2147483647;
			files = (
				8B08DFB220E6E706004CF33E /* LaunchScreen.storyboard in Resources */,
				8B08DFAF20E6E706004CF33E /* Assets.xcassets in Resources */,
				8B08DFAA20E6E704004CF33E /* Main.storyboard in Resources */,
			);
			runOnlyForDeploymentPostprocessing = 0;
		};
		8B08DFB620E6E706004CF33E /* Resources */ = {
			isa = PBXResourcesBuildPhase;
			buildActionMask = 2147483647;
			files = (
			);
			runOnlyForDeploymentPostprocessing = 0;
		};
		8B08DFC120E6E706004CF33E /* Resources */ = {
			isa = PBXResourcesBuildPhase;
			buildActionMask = 2147483647;
			files = (
			);
			runOnlyForDeploymentPostprocessing = 0;
		};
/* End PBXResourcesBuildPhase section */

/* Begin PBXSourcesBuildPhase section */
		8B08DF9D20E6E704004CF33E /* Sources */ = {
			isa = PBXSourcesBuildPhase;
			buildActionMask = 2147483647;
			files = (
				8B08DFA720E6E704004CF33E /* ViewController.swift in Sources */,
				8B08DFAD20E6E704004CF33E /* Auto_Constraints_Programmatically.xcdatamodeld in Sources */,
				8B08DFA520E6E704004CF33E /* AppDelegate.swift in Sources */,
			);
			runOnlyForDeploymentPostprocessing = 0;
		};
		8B08DFB420E6E706004CF33E /* Sources */ = {
			isa = PBXSourcesBuildPhase;
			buildActionMask = 2147483647;
			files = (
				8B08DFBD20E6E706004CF33E /* Auto_Constraints_ProgrammaticallyTests.swift in Sources */,
			);
			runOnlyForDeploymentPostprocessing = 0;
		};
		8B08DFBF20E6E706004CF33E /* Sources */ = {
			isa = PBXSourcesBuildPhase;
			buildActionMask = 2147483647;
			files = (
				8B08DFC820E6E706004CF33E /* Auto_Constraints_ProgrammaticallyUITests.swift in Sources */,
			);
			runOnlyForDeploymentPostprocessing = 0;
		};
/* End PBXSourcesBuildPhase section */

/* Begin PBXTargetDependency section */
		8B08DFBA20E6E706004CF33E /* PBXTargetDependency */ = {
			isa = PBXTargetDependency;
			target = 8B08DFA020E6E704004CF33E /* Auto Constraints Programmatically */;
			targetProxy = 8B08DFB920E6E706004CF33E /* PBXContainerItemProxy */;
		};
		8B08DFC520E6E706004CF33E /* PBXTargetDependency */ = {
			isa = PBXTargetDependency;
			target = 8B08DFA020E6E704004CF33E /* Auto Constraints Programmatically */;
			targetProxy = 8B08DFC420E6E706004CF33E /* PBXContainerItemProxy */;
		};
/* End PBXTargetDependency section */

/* Begin PBXVariantGroup section */
		8B08DFA820E6E704004CF33E /* Main.storyboard */ = {
			isa = PBXVariantGroup;
			children = (
				8B08DFA920E6E704004CF33E /* Base */,
			);
			name = Main.storyboard;
			sourceTree = "<group>";
		};
		8B08DFB020E6E706004CF33E /* LaunchScreen.storyboard */ = {
			isa = PBXVariantGroup;
			children = (
				8B08DFB120E6E706004CF33E /* Base */,
			);
			name = LaunchScreen.storyboard;
			sourceTree = "<group>";
		};
/* End PBXVariantGroup section */

/* Begin XCBuildConfiguration section */
		8B08DFCA20E6E706004CF33E /* Debug */ = {
			isa = XCBuildConfiguration;
			buildSettings = {
				ALWAYS_SEARCH_USER_PATHS = NO;
				CLANG_ANALYZER_NONNULL = YES;
				CLANG_ANALYZER_NUMBER_OBJECT_CONVERSION = YES_AGGRESSIVE;
				CLANG_CXX_LANGUAGE_STANDARD = "gnu++14";
				CLANG_CXX_LIBRARY = "libc++";
				CLANG_ENABLE_MODULES = YES;
				CLANG_ENABLE_OBJC_ARC = YES;
				CLANG_ENABLE_OBJC_WEAK = YES;
				CLANG_WARN_BLOCK_CAPTURE_AUTORELEASING = YES;
				CLANG_WARN_BOOL_CONVERSION = YES;
				CLANG_WARN_COMMA = YES;
				CLANG_WARN_CONSTANT_CONVERSION = YES;
				CLANG_WARN_DEPRECATED_OBJC_IMPLEMENTATIONS = YES;
				CLANG_WARN_DIRECT_OBJC_ISA_USAGE = YES_ERROR;
				CLANG_WARN_DOCUMENTATION_COMMENTS = YES;
				CLANG_WARN_EMPTY_BODY = YES;
				CLANG_WARN_ENUM_CONVERSION = YES;
				CLANG_WARN_INFINITE_RECURSION = YES;
				CLANG_WARN_INT_CONVERSION = YES;
				CLANG_WARN_NON_LITERAL_NULL_CONVERSION = YES;
				CLANG_WARN_OBJC_IMPLICIT_RETAIN_SELF = YES;
				CLANG_WARN_OBJC_LITERAL_CONVERSION = YES;
				CLANG_WARN_OBJC_ROOT_CLASS = YES_ERROR;
				CLANG_WARN_RANGE_LOOP_ANALYSIS = YES;
				CLANG_WARN_STRICT_PROTOTYPES = YES;
				CLANG_WARN_SUSPICIOUS_MOVE = YES;
				CLANG_WARN_UNGUARDED_AVAILABILITY = YES_AGGRESSIVE;
				CLANG_WARN_UNREACHABLE_CODE = YES;
				CLANG_WARN__DUPLICATE_METHOD_MATCH = YES;
				CODE_SIGN_IDENTITY = "iPhone Developer";
				COPY_PHASE_STRIP = NO;
				DEBUG_INFORMATION_FORMAT = dwarf;
				ENABLE_STRICT_OBJC_MSGSEND = YES;
				ENABLE_TESTABILITY = YES;
				GCC_C_LANGUAGE_STANDARD = gnu11;
				GCC_DYNAMIC_NO_PIC = NO;
				GCC_NO_COMMON_BLOCKS = YES;
				GCC_OPTIMIZATION_LEVEL = 0;
				GCC_PREPROCESSOR_DEFINITIONS = (
					"DEBUG=1",
					"$(inherited)",
				);
				GCC_WARN_64_TO_32_BIT_CONVERSION = YES;
				GCC_WARN_ABOUT_RETURN_TYPE = YES_ERROR;
				GCC_WARN_UNDECLARED_SELECTOR = YES;
				GCC_WARN_UNINITIALIZED_AUTOS = YES_AGGRESSIVE;
				GCC_WARN_UNUSED_FUNCTION = YES;
				GCC_WARN_UNUSED_VARIABLE = YES;
				IPHONEOS_DEPLOYMENT_TARGET = 11.4;
				MTL_ENABLE_DEBUG_INFO = YES;
				ONLY_ACTIVE_ARCH = YES;
				SDKROOT = iphoneos;
				SWIFT_ACTIVE_COMPILATION_CONDITIONS = DEBUG;
				SWIFT_OPTIMIZATION_LEVEL = "-Onone";
			};
			name = Debug;
		};
		8B08DFCB20E6E706004CF33E /* Release */ = {
			isa = XCBuildConfiguration;
			buildSettings = {
				ALWAYS_SEARCH_USER_PATHS = NO;
				CLANG_ANALYZER_NONNULL = YES;
				CLANG_ANALYZER_NUMBER_OBJECT_CONVERSION = YES_AGGRESSIVE;
				CLANG_CXX_LANGUAGE_STANDARD = "gnu++14";
				CLANG_CXX_LIBRARY = "libc++";
				CLANG_ENABLE_MODULES = YES;
				CLANG_ENABLE_OBJC_ARC = YES;
				CLANG_ENABLE_OBJC_WEAK = YES;
				CLANG_WARN_BLOCK_CAPTURE_AUTORELEASING = YES;
				CLANG_WARN_BOOL_CONVERSION = YES;
				CLANG_WARN_COMMA = YES;
				CLANG_WARN_CONSTANT_CONVERSION = YES;
				CLANG_WARN_DEPRECATED_OBJC_IMPLEMENTATIONS = YES;
				CLANG_WARN_DIRECT_OBJC_ISA_USAGE = YES_ERROR;
				CLANG_WARN_DOCUMENTATION_COMMENTS = YES;
				CLANG_WARN_EMPTY_BODY = YES;
				CLANG_WARN_ENUM_CONVERSION = YES;
				CLANG_WARN_INFINITE_RECURSION = YES;
				CLANG_WARN_INT_CONVERSION = YES;
				CLANG_WARN_NON_LITERAL_NULL_CONVERSION = YES;
				CLANG_WARN_OBJC_IMPLICIT_RETAIN_SELF = YES;
				CLANG_WARN_OBJC_LITERAL_CONVERSION = YES;
				CLANG_WARN_OBJC_ROOT_CLASS = YES_ERROR;
				CLANG_WARN_RANGE_LOOP_ANALYSIS = YES;
				CLANG_WARN_STRICT_PROTOTYPES = YES;
				CLANG_WARN_SUSPICIOUS_MOVE = YES;
				CLANG_WARN_UNGUARDED_AVAILABILITY = YES_AGGRESSIVE;
				CLANG_WARN_UNREACHABLE_CODE = YES;
				CLANG_WARN__DUPLICATE_METHOD_MATCH = YES;
				CODE_SIGN_IDENTITY = "iPhone Developer";
				COPY_PHASE_STRIP = NO;
				DEBUG_INFORMATION_FORMAT = "dwarf-with-dsym";
				ENABLE_NS_ASSERTIONS = NO;
				ENABLE_STRICT_OBJC_MSGSEND = YES;
				GCC_C_LANGUAGE_STANDARD = gnu11;
				GCC_NO_COMMON_BLOCKS = YES;
				GCC_WARN_64_TO_32_BIT_CONVERSION = YES;
				GCC_WARN_ABOUT_RETURN_TYPE = YES_ERROR;
				GCC_WARN_UNDECLARED_SELECTOR = YES;
				GCC_WARN_UNINITIALIZED_AUTOS = YES_AGGRESSIVE;
				GCC_WARN_UNUSED_FUNCTION = YES;
				GCC_WARN_UNUSED_VARIABLE = YES;
				IPHONEOS_DEPLOYMENT_TARGET = 11.4;
				MTL_ENABLE_DEBUG_INFO = NO;
				SDKROOT = iphoneos;
				SWIFT_COMPILATION_MODE = wholemodule;
				SWIFT_OPTIMIZATION_LEVEL = "-O";
				VALIDATE_PRODUCT = YES;
			};
			name = Release;
		};
		8B08DFCD20E6E706004CF33E /* Debug */ = {
			isa = XCBuildConfiguration;
			buildSettings = {
				ASSETCATALOG_COMPILER_APPICON_NAME = AppIcon;
				CODE_SIGN_STYLE = Automatic;
				INFOPLIST_FILE = "Auto Constraints Programmatically/Info.plist";
				LD_RUNPATH_SEARCH_PATHS = (
					"$(inherited)",
					"@executable_path/Frameworks",
				);
				PRODUCT_BUNDLE_IDENTIFIER = "djpkvf.Auto-Constraints-Programmatically";
				PRODUCT_NAME = "$(TARGET_NAME)";
				SWIFT_VERSION = 4.0;
				TARGETED_DEVICE_FAMILY = "1,2";
			};
			name = Debug;
		};
		8B08DFCE20E6E706004CF33E /* Release */ = {
			isa = XCBuildConfiguration;
			buildSettings = {
				ASSETCATALOG_COMPILER_APPICON_NAME = AppIcon;
				CODE_SIGN_STYLE = Automatic;
				INFOPLIST_FILE = "Auto Constraints Programmatically/Info.plist";
				LD_RUNPATH_SEARCH_PATHS = (
					"$(inherited)",
					"@executable_path/Frameworks",
				);
				PRODUCT_BUNDLE_IDENTIFIER = "djpkvf.Auto-Constraints-Programmatically";
				PRODUCT_NAME = "$(TARGET_NAME)";
				SWIFT_VERSION = 4.0;
				TARGETED_DEVICE_FAMILY = "1,2";
			};
			name = Release;
		};
		8B08DFD020E6E706004CF33E /* Debug */ = {
			isa = XCBuildConfiguration;
			buildSettings = {
				ALWAYS_EMBED_SWIFT_STANDARD_LIBRARIES = YES;
				BUNDLE_LOADER = "$(TEST_HOST)";
				CODE_SIGN_STYLE = Automatic;
				INFOPLIST_FILE = "Auto Constraints ProgrammaticallyTests/Info.plist";
				LD_RUNPATH_SEARCH_PATHS = (
					"$(inherited)",
					"@executable_path/Frameworks",
					"@loader_path/Frameworks",
				);
				PRODUCT_BUNDLE_IDENTIFIER = "djpkvf.Auto-Constraints-ProgrammaticallyTests";
				PRODUCT_NAME = "$(TARGET_NAME)";
				SWIFT_VERSION = 4.0;
				TARGETED_DEVICE_FAMILY = "1,2";
				TEST_HOST = "$(BUILT_PRODUCTS_DIR)/Auto Constraints Programmatically.app/Auto Constraints Programmatically";
			};
			name = Debug;
		};
		8B08DFD120E6E706004CF33E /* Release */ = {
			isa = XCBuildConfiguration;
			buildSettings = {
				ALWAYS_EMBED_SWIFT_STANDARD_LIBRARIES = YES;
				BUNDLE_LOADER = "$(TEST_HOST)";
				CODE_SIGN_STYLE = Automatic;
				INFOPLIST_FILE = "Auto Constraints ProgrammaticallyTests/Info.plist";
				LD_RUNPATH_SEARCH_PATHS = (
					"$(inherited)",
					"@executable_path/Frameworks",
					"@loader_path/Frameworks",
				);
				PRODUCT_BUNDLE_IDENTIFIER = "djpkvf.Auto-Constraints-ProgrammaticallyTests";
				PRODUCT_NAME = "$(TARGET_NAME)";
				SWIFT_VERSION = 4.0;
				TARGETED_DEVICE_FAMILY = "1,2";
				TEST_HOST = "$(BUILT_PRODUCTS_DIR)/Auto Constraints Programmatically.app/Auto Constraints Programmatically";
			};
			name = Release;
		};
		8B08DFD320E6E706004CF33E /* Debug */ = {
			isa = XCBuildConfiguration;
			buildSettings = {
				ALWAYS_EMBED_SWIFT_STANDARD_LIBRARIES = YES;
				CODE_SIGN_STYLE = Automatic;
				INFOPLIST_FILE = "Auto Constraints ProgrammaticallyUITests/Info.plist";
				LD_RUNPATH_SEARCH_PATHS = (
					"$(inherited)",
					"@executable_path/Frameworks",
					"@loader_path/Frameworks",
				);
				PRODUCT_BUNDLE_IDENTIFIER = "djpkvf.Auto-Constraints-ProgrammaticallyUITests";
				PRODUCT_NAME = "$(TARGET_NAME)";
				SWIFT_VERSION = 4.0;
				TARGETED_DEVICE_FAMILY = "1,2";
				TEST_TARGET_NAME = "Auto Constraints Programmatically";
			};
			name = Debug;
		};
		8B08DFD420E6E706004CF33E /* Release */ = {
			isa = XCBuildConfiguration;
			buildSettings = {
				ALWAYS_EMBED_SWIFT_STANDARD_LIBRARIES = YES;
				CODE_SIGN_STYLE = Automatic;
				INFOPLIST_FILE = "Auto Constraints ProgrammaticallyUITests/Info.plist";
				LD_RUNPATH_SEARCH_PATHS = (
					"$(inherited)",
					"@executable_path/Frameworks",
					"@loader_path/Frameworks",
				);
				PRODUCT_BUNDLE_IDENTIFIER = "djpkvf.Auto-Constraints-ProgrammaticallyUITests";
				PRODUCT_NAME = "$(TARGET_NAME)";
				SWIFT_VERSION = 4.0;
				TARGETED_DEVICE_FAMILY = "1,2";
				TEST_TARGET_NAME = "Auto Constraints Programmatically";
			};
			name = Release;
		};
/* End XCBuildConfiguration section */

/* Begin XCConfigurationList section */
		8B08DF9C20E6E704004CF33E /* Build configuration list for PBXProject "Auto Constraints Programmatically" */ = {
			isa = XCConfigurationList;
			buildConfigurations = (
				8B08DFCA20E6E706004CF33E /* Debug */,
				8B08DFCB20E6E706004CF33E /* Release */,
			);
			defaultConfigurationIsVisible = 0;
			defaultConfigurationName = Release;
		};
		8B08DFCC20E6E706004CF33E /* Build configuration list for PBXNativeTarget "Auto Constraints Programmatically" */ = {
			isa = XCConfigurationList;
			buildConfigurations = (
				8B08DFCD20E6E706004CF33E /* Debug */,
				8B08DFCE20E6E706004CF33E /* Release */,
			);
			defaultConfigurationIsVisible = 0;
			defaultConfigurationName = Release;
		};
		8B08DFCF20E6E706004CF33E /* Build configuration list for PBXNativeTarget "Auto Constraints ProgrammaticallyTests" */ = {
			isa = XCConfigurationList;
			buildConfigurations = (
				8B08DFD020E6E706004CF33E /* Debug */,
				8B08DFD120E6E706004CF33E /* Release */,
			);
			defaultConfigurationIsVisible = 0;
			defaultConfigurationName = Release;
		};
		8B08DFD220E6E706004CF33E /* Build configuration list for PBXNativeTarget "Auto Constraints ProgrammaticallyUITests" */ = {
			isa = XCConfigurationList;
			buildConfigurations = (
				8B08DFD320E6E706004CF33E /* Debug */,
				8B08DFD420E6E706004CF33E /* Release */,
			);
			defaultConfigurationIsVisible = 0;
			defaultConfigurationName = Release;
		};
/* End XCConfigurationList section */

/* Begin XCVersionGroup section */
		8B08DFAB20E6E704004CF33E /* Auto_Constraints_Programmatically.xcdatamodeld */ = {
			isa = XCVersionGroup;
			children = (
				8B08DFAC20E6E704004CF33E /* Auto_Constraints_Programmatically.xcdatamodel */,
			);
			currentVersion = 8B08DFAC20E6E704004CF33E /* Auto_Constraints_Programmatically.xcdatamodel */;
			path = Auto_Constraints_Programmatically.xcdatamodeld;
			sourceTree = "<group>";
			versionGroupType = wrapper.xcdatamodel;
		};
/* End XCVersionGroup section */
	};
	rootObject = 8B08DF9920E6E704004CF33E /* Project object */;
}
